// !$*UTF8*$!
{
	archiveVersion = 1;
	classes = {
	};
	objectVersion = 50;
	objects = {

/* Begin PBXBuildFile section */
		D23CB8C327C523A900593BAE /* AppDelegate.swift in Sources */ = {isa = PBXBuildFile; fileRef = D23CB8C227C523A900593BAE /* AppDelegate.swift */; };
		D23CB8C527C523A900593BAE /* SceneDelegate.swift in Sources */ = {isa = PBXBuildFile; fileRef = D23CB8C427C523A900593BAE /* SceneDelegate.swift */; };
		D23CB8C727C523A900593BAE /* ViewController.swift in Sources */ = {isa = PBXBuildFile; fileRef = D23CB8C627C523A900593BAE /* ViewController.swift */; };
		D23CB8CA27C523A900593BAE /* Main.storyboard in Resources */ = {isa = PBXBuildFile; fileRef = D23CB8C827C523A900593BAE /* Main.storyboard */; };
		D23CB8CC27C523B300593BAE /* Assets.xcassets in Resources */ = {isa = PBXBuildFile; fileRef = D23CB8CB27C523B300593BAE /* Assets.xcassets */; };
		D23CB8CF27C523B300593BAE /* LaunchScreen.storyboard in Resources */ = {isa = PBXBuildFile; fileRef = D23CB8CD27C523B300593BAE /* LaunchScreen.storyboard */; };
		D23CB8D927C52BFF00593BAE /* InsertableTextField.swift in Sources */ = {isa = PBXBuildFile; fileRef = D23CB8D827C52BFF00593BAE /* InsertableTextField.swift */; };
		D23CB8DC27C573A000593BAE /* PlusButton.swift in Sources */ = {isa = PBXBuildFile; fileRef = D23CB8DB27C573A000593BAE /* PlusButton.swift */; };
		D23CB8DF27C5773D00593BAE /* ClearButton.swift in Sources */ = {isa = PBXBuildFile; fileRef = D23CB8DE27C5773D00593BAE /* ClearButton.swift */; };
		D2C7D91927C6B3A4009D49CE /* Model.swift in Sources */ = {isa = PBXBuildFile; fileRef = D2C7D91827C6B3A4009D49CE /* Model.swift */; };
		D2C7D92227C6B901009D49CE /* KidCell.swift in Sources */ = {isa = PBXBuildFile; fileRef = D2C7D92127C6B901009D49CE /* KidCell.swift */; };
/* End PBXBuildFile section */

/* Begin PBXFileReference section */
		D23CB8BF27C523A900593BAE /* TestApplication.app */ = {isa = PBXFileReference; explicitFileType = wrapper.application; includeInIndex = 0; path = TestApplication.app; sourceTree = BUILT_PRODUCTS_DIR; };
		D23CB8C227C523A900593BAE /* AppDelegate.swift */ = {isa = PBXFileReference; lastKnownFileType = sourcecode.swift; path = AppDelegate.swift; sourceTree = "<group>"; };
		D23CB8C427C523A900593BAE /* SceneDelegate.swift */ = {isa = PBXFileReference; lastKnownFileType = sourcecode.swift; path = SceneDelegate.swift; sourceTree = "<group>"; };
		D23CB8C627C523A900593BAE /* ViewController.swift */ = {isa = PBXFileReference; lastKnownFileType = sourcecode.swift; path = ViewController.swift; sourceTree = "<group>"; };
		D23CB8C927C523A900593BAE /* Base */ = {isa = PBXFileReference; lastKnownFileType = file.storyboard; name = Base; path = Base.lproj/Main.storyboard; sourceTree = "<group>"; };
		D23CB8CB27C523B300593BAE /* Assets.xcassets */ = {isa = PBXFileReference; lastKnownFileType = folder.assetcatalog; path = Assets.xcassets; sourceTree = "<group>"; };
		D23CB8CE27C523B300593BAE /* Base */ = {isa = PBXFileReference; lastKnownFileType = file.storyboard; name = Base; path = Base.lproj/LaunchScreen.storyboard; sourceTree = "<group>"; };
		D23CB8D027C523B300593BAE /* Info.plist */ = {isa = PBXFileReference; lastKnownFileType = text.plist.xml; path = Info.plist; sourceTree = "<group>"; };
		D23CB8D827C52BFF00593BAE /* InsertableTextField.swift */ = {isa = PBXFileReference; lastKnownFileType = sourcecode.swift; path = InsertableTextField.swift; sourceTree = "<group>"; };
		D23CB8DB27C573A000593BAE /* PlusButton.swift */ = {isa = PBXFileReference; lastKnownFileType = sourcecode.swift; path = PlusButton.swift; sourceTree = "<group>"; };
		D23CB8DE27C5773D00593BAE /* ClearButton.swift */ = {isa = PBXFileReference; lastKnownFileType = sourcecode.swift; path = ClearButton.swift; sourceTree = "<group>"; };
		D2C7D91827C6B3A4009D49CE /* Model.swift */ = {isa = PBXFileReference; lastKnownFileType = sourcecode.swift; path = Model.swift; sourceTree = "<group>"; };
		D2C7D92127C6B901009D49CE /* KidCell.swift */ = {isa = PBXFileReference; lastKnownFileType = sourcecode.swift; path = KidCell.swift; sourceTree = "<group>"; };
/* End PBXFileReference section */

/* Begin PBXFrameworksBuildPhase section */
		D23CB8BC27C523A900593BAE /* Frameworks */ = {
			isa = PBXFrameworksBuildPhase;
			buildActionMask = 2147483647;
			files = (
			);
			runOnlyForDeploymentPostprocessing = 0;
		};
/* End PBXFrameworksBuildPhase section */

/* Begin PBXGroup section */
		D23CB8B627C523A900593BAE = {
			isa = PBXGroup;
			children = (
				D23CB8C127C523A900593BAE /* TestApplication */,
				D23CB8C027C523A900593BAE /* Products */,
			);
			sourceTree = "<group>";
		};
		D23CB8C027C523A900593BAE /* Products */ = {
			isa = PBXGroup;
			children = (
				D23CB8BF27C523A900593BAE /* TestApplication.app */,
			);
			name = Products;
			sourceTree = "<group>";
		};
		D23CB8C127C523A900593BAE /* TestApplication */ = {
			isa = PBXGroup;
			children = (
				D23CB8FC27C6676900593BAE /* Buttons */,
				D2C7D91D27C6B466009D49CE /* Cell */,
				D2C7D91727C6B378009D49CE /* Models */,
				D23CB8C227C523A900593BAE /* AppDelegate.swift */,
				D23CB8C627C523A900593BAE /* ViewController.swift */,
				D23CB8C427C523A900593BAE /* SceneDelegate.swift */,
				D23CB8C827C523A900593BAE /* Main.storyboard */,
				D23CB8CD27C523B300593BAE /* LaunchScreen.storyboard */,
				D23CB8CB27C523B300593BAE /* Assets.xcassets */,
				D23CB8D027C523B300593BAE /* Info.plist */,
			);
			path = TestApplication;
			sourceTree = "<group>";
		};
		D23CB8FC27C6676900593BAE /* Buttons */ = {
			isa = PBXGroup;
			children = (
				D23CB8DE27C5773D00593BAE /* ClearButton.swift */,
				D23CB8DB27C573A000593BAE /* PlusButton.swift */,
			);
			path = Buttons;
			sourceTree = "<group>";
		};
		D2C7D91727C6B378009D49CE /* Models */ = {
			isa = PBXGroup;
			children = (
				D2C7D91827C6B3A4009D49CE /* Model.swift */,
			);
			path = Models;
			sourceTree = "<group>";
		};
		D2C7D91D27C6B466009D49CE /* Cell */ = {
			isa = PBXGroup;
			children = (
				D2C7D92127C6B901009D49CE /* KidCell.swift */,
				D23CB8D827C52BFF00593BAE /* InsertableTextField.swift */,
			);
			path = Cell;
			sourceTree = "<group>";
		};
/* End PBXGroup section */

/* Begin PBXNativeTarget section */
		D23CB8BE27C523A900593BAE /* TestApplication */ = {
			isa = PBXNativeTarget;
			buildConfigurationList = D23CB8D327C523B300593BAE /* Build configuration list for PBXNativeTarget "TestApplication" */;
			buildPhases = (
				D23CB8BB27C523A900593BAE /* Sources */,
				D23CB8BC27C523A900593BAE /* Frameworks */,
				D23CB8BD27C523A900593BAE /* Resources */,
			);
			buildRules = (
			);
			dependencies = (
			);
			name = TestApplication;
			productName = TestApplication;
			productReference = D23CB8BF27C523A900593BAE /* TestApplication.app */;
			productType = "com.apple.product-type.application";
		};
/* End PBXNativeTarget section */

/* Begin PBXProject section */
		D23CB8B727C523A900593BAE /* Project object */ = {
			isa = PBXProject;
			attributes = {
				LastSwiftUpdateCheck = 1240;
				LastUpgradeCheck = 1240;
				TargetAttributes = {
					D23CB8BE27C523A900593BAE = {
						CreatedOnToolsVersion = 12.4;
					};
				};
			};
			buildConfigurationList = D23CB8BA27C523A900593BAE /* Build configuration list for PBXProject "TestApplication" */;
			compatibilityVersion = "Xcode 9.3";
			developmentRegion = en;
			hasScannedForEncodings = 0;
			knownRegions = (
				en,
				Base,
			);
			mainGroup = D23CB8B627C523A900593BAE;
			productRefGroup = D23CB8C027C523A900593BAE /* Products */;
			projectDirPath = "";
			projectRoot = "";
			targets = (
				D23CB8BE27C523A900593BAE /* TestApplication */,
			);
		};
/* End PBXProject section */

/* Begin PBXResourcesBuildPhase section */
		D23CB8BD27C523A900593BAE /* Resources */ = {
			isa = PBXResourcesBuildPhase;
			buildActionMask = 2147483647;
			files = (
				D23CB8CF27C523B300593BAE /* LaunchScreen.storyboard in Resources */,
				D23CB8CC27C523B300593BAE /* Assets.xcassets in Resources */,
				D23CB8CA27C523A900593BAE /* Main.storyboard in Resources */,
			);
			runOnlyForDeploymentPostprocessing = 0;
		};
/* End PBXResourcesBuildPhase section */

/* Begin PBXSourcesBuildPhase section */
		D23CB8BB27C523A900593BAE /* Sources */ = {
			isa = PBXSourcesBuildPhase;
			buildActionMask = 2147483647;
			files = (
				D2C7D92227C6B901009D49CE /* KidCell.swift in Sources */,
				D23CB8C727C523A900593BAE /* ViewController.swift in Sources */,
				D23CB8DF27C5773D00593BAE /* ClearButton.swift in Sources */,
				D23CB8C327C523A900593BAE /* AppDelegate.swift in Sources */,
				D23CB8D927C52BFF00593BAE /* InsertableTextField.swift in Sources */,
				D23CB8DC27C573A000593BAE /* PlusButton.swift in Sources */,
				D23CB8C527C523A900593BAE /* SceneDelegate.swift in Sources */,
				D2C7D91927C6B3A4009D49CE /* Model.swift in Sources */,
			);
			runOnlyForDeploymentPostprocessing = 0;
		};
/* End PBXSourcesBuildPhase section */

/* Begin PBXVariantGroup section */
		D23CB8C827C523A900593BAE /* Main.storyboard */ = {
			isa = PBXVariantGroup;
			children = (
				D23CB8C927C523A900593BAE /* Base */,
			);
			name = Main.storyboard;
			sourceTree = "<group>";
		};
		D23CB8CD27C523B300593BAE /* LaunchScreen.storyboard */ = {
			isa = PBXVariantGroup;
			children = (
				D23CB8CE27C523B300593BAE /* Base */,
			);
			name = LaunchScreen.storyboard;
			sourceTree = "<group>";
		};
/* End PBXVariantGroup section */

/* Begin XCBuildConfiguration section */
		D23CB8D127C523B300593BAE /* Debug */ = {
			isa = XCBuildConfiguration;
			buildSettings = {
				ALWAYS_SEARCH_USER_PATHS = NO;
				CLANG_ANALYZER_NONNULL = YES;
				CLANG_ANALYZER_NUMBER_OBJECT_CONVERSION = YES_AGGRESSIVE;
				CLANG_CXX_LANGUAGE_STANDARD = "gnu++14";
				CLANG_CXX_LIBRARY = "libc++";
				CLANG_ENABLE_MODULES = YES;
				CLANG_ENABLE_OBJC_ARC = YES;
				CLANG_ENABLE_OBJC_WEAK = YES;
				CLANG_WARN_BLOCK_CAPTURE_AUTORELEASING = YES;
				CLANG_WARN_BOOL_CONVERSION = YES;
				CLANG_WARN_COMMA = YES;
				CLANG_WARN_CONSTANT_CONVERSION = YES;
				CLANG_WARN_DEPRECATED_OBJC_IMPLEMENTATIONS = YES;
				CLANG_WARN_DIRECT_OBJC_ISA_USAGE = YES_ERROR;
				CLANG_WARN_DOCUMENTATION_COMMENTS = YES;
				CLANG_WARN_EMPTY_BODY = YES;
				CLANG_WARN_ENUM_CONVERSION = YES;
				CLANG_WARN_INFINITE_RECURSION = YES;
				CLANG_WARN_INT_CONVERSION = YES;
				CLANG_WARN_NON_LITERAL_NULL_CONVERSION = YES;
				CLANG_WARN_OBJC_IMPLICIT_RETAIN_SELF = YES;
				CLANG_WARN_OBJC_LITERAL_CONVERSION = YES;
				CLANG_WARN_OBJC_ROOT_CLASS = YES_ERROR;
				CLANG_WARN_QUOTED_INCLUDE_IN_FRAMEWORK_HEADER = YES;
				CLANG_WARN_RANGE_LOOP_ANALYSIS = YES;
				CLANG_WARN_STRICT_PROTOTYPES = YES;
				CLANG_WARN_SUSPICIOUS_MOVE = YES;
				CLANG_WARN_UNGUARDED_AVAILABILITY = YES_AGGRESSIVE;
				CLANG_WARN_UNREACHABLE_CODE = YES;
				CLANG_WARN__DUPLICATE_METHOD_MATCH = YES;
				COPY_PHASE_STRIP = NO;
				DEBUG_INFORMATION_FORMAT = dwarf;
				ENABLE_STRICT_OBJC_MSGSEND = YES;
				ENABLE_TESTABILITY = YES;
				GCC_C_LANGUAGE_STANDARD = gnu11;
				GCC_DYNAMIC_NO_PIC = NO;
				GCC_NO_COMMON_BLOCKS = YES;
				GCC_OPTIMIZATION_LEVEL = 0;
				GCC_PREPROCESSOR_DEFINITIONS = (
					"DEBUG=1",
					"$(inherited)",
				);
				GCC_WARN_64_TO_32_BIT_CONVERSION = YES;
				GCC_WARN_ABOUT_RETURN_TYPE = YES_ERROR;
				GCC_WARN_UNDECLARED_SELECTOR = YES;
				GCC_WARN_UNINITIALIZED_AUTOS = YES_AGGRESSIVE;
				GCC_WARN_UNUSED_FUNCTION = YES;
				GCC_WARN_UNUSED_VARIABLE = YES;
				IPHONEOS_DEPLOYMENT_TARGET = 14.4;
				MTL_ENABLE_DEBUG_INFO = INCLUDE_SOURCE;
				MTL_FAST_MATH = YES;
				ONLY_ACTIVE_ARCH = YES;
				SDKROOT = iphoneos;
				SWIFT_ACTIVE_COMPILATION_CONDITIONS = DEBUG;
				SWIFT_OPTIMIZATION_LEVEL = "-Onone";
			};
			name = Debug;
		};
		D23CB8D227C523B300593BAE /* Release */ = {
			isa = XCBuildConfiguration;
			buildSettings = {
				ALWAYS_SEARCH_USER_PATHS = NO;
				CLANG_ANALYZER_NONNULL = YES;
				CLANG_ANALYZER_NUMBER_OBJECT_CONVERSION = YES_AGGRESSIVE;
				CLANG_CXX_LANGUAGE_STANDARD = "gnu++14";
				CLANG_CXX_LIBRARY = "libc++";
				CLANG_ENABLE_MODULES = YES;
				CLANG_ENABLE_OBJC_ARC = YES;
				CLANG_ENABLE_OBJC_WEAK = YES;
				CLANG_WARN_BLOCK_CAPTURE_AUTORELEASING = YES;
				CLANG_WARN_BOOL_CONVERSION = YES;
				CLANG_WARN_COMMA = YES;
				CLANG_WARN_CONSTANT_CONVERSION = YES;
				CLANG_WARN_DEPRECATED_OBJC_IMPLEMENTATIONS = YES;
				CLANG_WARN_DIRECT_OBJC_ISA_USAGE = YES_ERROR;
				CLANG_WARN_DOCUMENTATION_COMMENTS = YES;
				CLANG_WARN_EMPTY_BODY = YES;
				CLANG_WARN_ENUM_CONVERSION = YES;
				CLANG_WARN_INFINITE_RECURSION = YES;
				CLANG_WARN_INT_CONVERSION = YES;
				CLANG_WARN_NON_LITERAL_NULL_CONVERSION = YES;
				CLANG_WARN_OBJC_IMPLICIT_RETAIN_SELF = YES;
				CLANG_WARN_OBJC_LITERAL_CONVERSION = YES;
				CLANG_WARN_OBJC_ROOT_CLASS = YES_ERROR;
				CLANG_WARN_QUOTED_INCLUDE_IN_FRAMEWORK_HEADER = YES;
				CLANG_WARN_RANGE_LOOP_ANALYSIS = YES;
				CLANG_WARN_STRICT_PROTOTYPES = YES;
				CLANG_WARN_SUSPICIOUS_MOVE = YES;
				CLANG_WARN_UNGUARDED_AVAILABILITY = YES_AGGRESSIVE;
				CLANG_WARN_UNREACHABLE_CODE = YES;
				CLANG_WARN__DUPLICATE_METHOD_MATCH = YES;
				COPY_PHASE_STRIP = NO;
				DEBUG_INFORMATION_FORMAT = "dwarf-with-dsym";
				ENABLE_NS_ASSERTIONS = NO;
				ENABLE_STRICT_OBJC_MSGSEND = YES;
				GCC_C_LANGUAGE_STANDARD = gnu11;
				GCC_NO_COMMON_BLOCKS = YES;
				GCC_WARN_64_TO_32_BIT_CONVERSION = YES;
				GCC_WARN_ABOUT_RETURN_TYPE = YES_ERROR;
				GCC_WARN_UNDECLARED_SELECTOR = YES;
				GCC_WARN_UNINITIALIZED_AUTOS = YES_AGGRESSIVE;
				GCC_WARN_UNUSED_FUNCTION = YES;
				GCC_WARN_UNUSED_VARIABLE = YES;
				IPHONEOS_DEPLOYMENT_TARGET = 14.4;
				MTL_ENABLE_DEBUG_INFO = NO;
				MTL_FAST_MATH = YES;
				SDKROOT = iphoneos;
				SWIFT_COMPILATION_MODE = wholemodule;
				SWIFT_OPTIMIZATION_LEVEL = "-O";
				VALIDATE_PRODUCT = YES;
			};
			name = Release;
		};
		D23CB8D427C523B300593BAE /* Debug */ = {
			isa = XCBuildConfiguration;
			buildSettings = {
				ASSETCATALOG_COMPILER_APPICON_NAME = AppIcon;
				ASSETCATALOG_COMPILER_GLOBAL_ACCENT_COLOR_NAME = AccentColor;
				CODE_SIGN_STYLE = Automatic;
				INFOPLIST_FILE = TestApplication/Info.plist;
				LD_RUNPATH_SEARCH_PATHS = (
					"$(inherited)",
					"@executable_path/Frameworks",
				);
				PRODUCT_BUNDLE_IDENTIFIER = twix.TestApplication;
				PRODUCT_NAME = "$(TARGET_NAME)";
				SWIFT_VERSION = 5.0;
				TARGETED_DEVICE_FAMILY = 1;
			};
			name = Debug;
		};
		D23CB8D527C523B300593BAE /* Release */ = {
			isa = XCBuildConfiguration;
			buildSettings = {
				ASSETCATALOG_COMPILER_APPICON_NAME = AppIcon;
				ASSETCATALOG_COMPILER_GLOBAL_ACCENT_COLOR_NAME = AccentColor;
				CODE_SIGN_STYLE = Automatic;
				INFOPLIST_FILE = TestApplication/Info.plist;
				LD_RUNPATH_SEARCH_PATHS = (
					"$(inherited)",
					"@executable_path/Frameworks",
				);
				PRODUCT_BUNDLE_IDENTIFIER = twix.TestApplication;
				PRODUCT_NAME = "$(TARGET_NAME)";
				SWIFT_VERSION = 5.0;
				TARGETED_DEVICE_FAMILY = 1;
			};
			name = Release;
		};
/* End XCBuildConfiguration section */

/* Begin XCConfigurationList section */
		D23CB8BA27C523A900593BAE /* Build configuration list for PBXProject "TestApplication" */ = {
			isa = XCConfigurationList;
			buildConfigurations = (
				D23CB8D127C523B300593BAE /* Debug */,
				D23CB8D227C523B300593BAE /* Release */,
			);
			defaultConfigurationIsVisible = 0;
			defaultConfigurationName = Release;
		};
		D23CB8D327C523B300593BAE /* Build configuration list for PBXNativeTarget "TestApplication" */ = {
			isa = XCConfigurationList;
			buildConfigurations = (
				D23CB8D427C523B300593BAE /* Debug */,
				D23CB8D527C523B300593BAE /* Release */,
			);
			defaultConfigurationIsVisible = 0;
			defaultConfigurationName = Release;
		};
/* End XCConfigurationList section */
	};
	rootObject = D23CB8B727C523A900593BAE /* Project object */;
}
